
Microsoft Visual Studio Solution File, Format Version 12.00
# Visual Studio Version 16
VisualStudioVersion = 16.0.810.21
MinimumVisualStudioVersion = 10.0.40219.1
Project("{FAE04EC0-301F-11D3-BF4B-00C04F79EFBC}") = "CCL_Recursion_Assignment", "CCL_Recursion_Assignment\CCL_Recursion_Assignment.csproj", "{4F587F6C-E5ED-4CC9-A557-17ACD3113366}"
EndProject
Global
	GlobalSection(SolutionConfigurationPlatforms) = preSolution
		Debug|Any CPU = Debug|Any CPU
		Release|Any CPU = Release|Any CPU
	EndGlobalSection
	GlobalSection(ProjectConfigurationPlatforms) = postSolution
		{4F587F6C-E5ED-4CC9-A557-17ACD3113366}.Debug|Any CPU.ActiveCfg = Debug|Any CPU
		{4F587F6C-E5ED-4CC9-A557-17ACD3113366}.Debug|Any CPU.Build.0 = Debug|Any CPU
		{4F587F6C-E5ED-4CC9-A557-17ACD3113366}.Release|Any CPU.ActiveCfg = Release|Any CPU
		{4F587F6C-E5ED-4CC9-A557-17ACD3113366}.Release|Any CPU.Build.0 = Release|Any CPU
	EndGlobalSection
	GlobalSection(SolutionProperties) = preSolution
		HideSolutionNode = FALSE
	EndGlobalSection
	GlobalSection(ExtensibilityGlobals) = postSolution
		SolutionGuid = {CB15CCF8-81BA-4FD2-86C2-FAA342CC0E81}
	EndGlobalSection
EndGlobal
