
Microsoft Visual Studio Solution File, Format Version 12.00
# Visual Studio Version 16
VisualStudioVersion = 16.0.810.21
MinimumVisualStudioVersion = 10.0.40219.1
Project("{FAE04EC0-301F-11D3-BF4B-00C04F79EFBC}") = "CCL_CHAPTER_SEVEN_ASSIGNMENT", "CCL_CHAPTER_SEVEN_ASSIGNMENT\CCL_CHAPTER_SEVEN_ASSIGNMENT.csproj", "{BD8A5C73-E618-4482-994E-8E29E792206E}"
EndProject
Project("{FAE04EC0-301F-11D3-BF4B-00C04F79EFBC}") = "QUESTION_1", "QUESTION_1\QUESTION_1.csproj", "{76A42D34-2EA0-466C-B87C-A12829D94F85}"
EndProject
Project("{FAE04EC0-301F-11D3-BF4B-00C04F79EFBC}") = "QUESTION_2", "QUESTION_2\QUESTION_2.csproj", "{98F42659-060A-4894-9E93-84B44ABE9151}"
EndProject
Project("{FAE04EC0-301F-11D3-BF4B-00C04F79EFBC}") = "QUESTION_3", "QUESTION_3\QUESTION_3.csproj", "{9CAD9FBE-E715-4DB3-8C37-EC4A59A91538}"
EndProject
Project("{FAE04EC0-301F-11D3-BF4B-00C04F79EFBC}") = "QUESTION_4", "QUESTION_4\QUESTION_4.csproj", "{7677FBCE-A2C9-42FF-9331-2493964A881B}"
EndProject
Project("{FAE04EC0-301F-11D3-BF4B-00C04F79EFBC}") = "QUESTION_5", "QUESTION_5\QUESTION_5.csproj", "{7F73AF28-06F5-4FEA-9472-082CFD6D4C08}"
EndProject
Project("{FAE04EC0-301F-11D3-BF4B-00C04F79EFBC}") = "QUESTION_6", "QUESTION_6\QUESTION_6.csproj", "{499EA68F-6D36-418D-824B-DB66A5526E7D}"
EndProject
Project("{FAE04EC0-301F-11D3-BF4B-00C04F79EFBC}") = "QUESTION_7", "QUESTION_7\QUESTION_7.csproj", "{90C81161-A233-4A67-8526-D316BEFB785C}"
EndProject
Project("{FAE04EC0-301F-11D3-BF4B-00C04F79EFBC}") = "QUESTION_8", "QUESTION_8\QUESTION_8.csproj", "{924A0B90-106F-4C04-80E6-B6702EC77504}"
EndProject
Project("{FAE04EC0-301F-11D3-BF4B-00C04F79EFBC}") = "QUESTION_9", "QUESTION_9\QUESTION_9.csproj", "{09A2298B-4628-45D3-B0A6-C849C2FA2FA5}"
EndProject
Project("{FAE04EC0-301F-11D3-BF4B-00C04F79EFBC}") = "QUESTION_10", "QUESTION_10\QUESTION_10.csproj", "{1768DADA-4634-4BEF-9C19-9ABCC27B2309}"
EndProject
Project("{FAE04EC0-301F-11D3-BF4B-00C04F79EFBC}") = "QUESTION_11", "QUESTION_11\QUESTION_11.csproj", "{D0BCD797-99F2-43DF-845C-8D3867212F1D}"
EndProject
Project("{FAE04EC0-301F-11D3-BF4B-00C04F79EFBC}") = "QUESTION_12", "QUESTION_12\QUESTION_12.csproj", "{AB395B0F-4BAB-4716-BD65-D19A0C25D295}"
EndProject
Project("{FAE04EC0-301F-11D3-BF4B-00C04F79EFBC}") = "QUESTION_13", "QUESTION_13\QUESTION_13.csproj", "{A5D4FA2F-5B57-453D-84D6-45C3B38B209A}"
EndProject
Project("{FAE04EC0-301F-11D3-BF4B-00C04F79EFBC}") = "QUESTION_14", "QUESTION_14\QUESTION_14.csproj", "{688632B9-0DAE-4E46-86BA-4E6394C67883}"
EndProject
Project("{FAE04EC0-301F-11D3-BF4B-00C04F79EFBC}") = "QUESTION_15", "QUESTION_15\QUESTION_15.csproj", "{4FDAD6BD-40E7-4F2C-AFE6-0C46B30DC34A}"
EndProject
Project("{FAE04EC0-301F-11D3-BF4B-00C04F79EFBC}") = "QUESTION_16", "QUESTION_16\QUESTION_16.csproj", "{A9DB19F1-69F9-4327-9D73-10E52FA2C33A}"
EndProject
Project("{FAE04EC0-301F-11D3-BF4B-00C04F79EFBC}") = "QUESTION_12B", "QUESTION_12B\QUESTION_12B.csproj", "{E25B5FEC-6401-414D-A7AB-99A8E0E97D80}"
EndProject
Project("{FAE04EC0-301F-11D3-BF4B-00C04F79EFBC}") = "QUESTION_12C", "QUESTION_12C\QUESTION_12C.csproj", "{1D5BC450-E621-45F7-BA84-95DD7C78CAC0}"
EndProject
Project("{FAE04EC0-301F-11D3-BF4B-00C04F79EFBC}") = "QUESTION_12D", "QUESTION_12D\QUESTION_12D.csproj", "{9592ECE0-5E10-4456-81CF-51503BE66771}"
EndProject
Project("{FAE04EC0-301F-11D3-BF4B-00C04F79EFBC}") = "QUETSION_17", "QUETSION_17\QUETSION_17.csproj", "{A66A5E21-0150-4BDC-AA6C-E10EED5C7693}"
EndProject
Project("{FAE04EC0-301F-11D3-BF4B-00C04F79EFBC}") = "QUESTION_18", "QUESTION_18\QUESTION_18.csproj", "{521CC04C-144E-493E-B4A0-E572820C8355}"
EndProject
Project("{FAE04EC0-301F-11D3-BF4B-00C04F79EFBC}") = "QUESTION_19", "QUESTION_19\QUESTION_19.csproj", "{4F259FB1-8C36-4B7A-B4C9-E4463D87E536}"
EndProject
Global
	GlobalSection(SolutionConfigurationPlatforms) = preSolution
		Debug|Any CPU = Debug|Any CPU
		Release|Any CPU = Release|Any CPU
	EndGlobalSection
	GlobalSection(ProjectConfigurationPlatforms) = postSolution
		{BD8A5C73-E618-4482-994E-8E29E792206E}.Debug|Any CPU.ActiveCfg = Debug|Any CPU
		{BD8A5C73-E618-4482-994E-8E29E792206E}.Debug|Any CPU.Build.0 = Debug|Any CPU
		{BD8A5C73-E618-4482-994E-8E29E792206E}.Release|Any CPU.ActiveCfg = Release|Any CPU
		{BD8A5C73-E618-4482-994E-8E29E792206E}.Release|Any CPU.Build.0 = Release|Any CPU
		{76A42D34-2EA0-466C-B87C-A12829D94F85}.Debug|Any CPU.ActiveCfg = Debug|Any CPU
		{76A42D34-2EA0-466C-B87C-A12829D94F85}.Debug|Any CPU.Build.0 = Debug|Any CPU
		{76A42D34-2EA0-466C-B87C-A12829D94F85}.Release|Any CPU.ActiveCfg = Release|Any CPU
		{76A42D34-2EA0-466C-B87C-A12829D94F85}.Release|Any CPU.Build.0 = Release|Any CPU
		{98F42659-060A-4894-9E93-84B44ABE9151}.Debug|Any CPU.ActiveCfg = Debug|Any CPU
		{98F42659-060A-4894-9E93-84B44ABE9151}.Debug|Any CPU.Build.0 = Debug|Any CPU
		{98F42659-060A-4894-9E93-84B44ABE9151}.Release|Any CPU.ActiveCfg = Release|Any CPU
		{98F42659-060A-4894-9E93-84B44ABE9151}.Release|Any CPU.Build.0 = Release|Any CPU
		{9CAD9FBE-E715-4DB3-8C37-EC4A59A91538}.Debug|Any CPU.ActiveCfg = Debug|Any CPU
		{9CAD9FBE-E715-4DB3-8C37-EC4A59A91538}.Debug|Any CPU.Build.0 = Debug|Any CPU
		{9CAD9FBE-E715-4DB3-8C37-EC4A59A91538}.Release|Any CPU.ActiveCfg = Release|Any CPU
		{9CAD9FBE-E715-4DB3-8C37-EC4A59A91538}.Release|Any CPU.Build.0 = Release|Any CPU
		{7677FBCE-A2C9-42FF-9331-2493964A881B}.Debug|Any CPU.ActiveCfg = Debug|Any CPU
		{7677FBCE-A2C9-42FF-9331-2493964A881B}.Debug|Any CPU.Build.0 = Debug|Any CPU
		{7677FBCE-A2C9-42FF-9331-2493964A881B}.Release|Any CPU.ActiveCfg = Release|Any CPU
		{7677FBCE-A2C9-42FF-9331-2493964A881B}.Release|Any CPU.Build.0 = Release|Any CPU
		{7F73AF28-06F5-4FEA-9472-082CFD6D4C08}.Debug|Any CPU.ActiveCfg = Debug|Any CPU
		{7F73AF28-06F5-4FEA-9472-082CFD6D4C08}.Debug|Any CPU.Build.0 = Debug|Any CPU
		{7F73AF28-06F5-4FEA-9472-082CFD6D4C08}.Release|Any CPU.ActiveCfg = Release|Any CPU
		{7F73AF28-06F5-4FEA-9472-082CFD6D4C08}.Release|Any CPU.Build.0 = Release|Any CPU
		{499EA68F-6D36-418D-824B-DB66A5526E7D}.Debug|Any CPU.ActiveCfg = Debug|Any CPU
		{499EA68F-6D36-418D-824B-DB66A5526E7D}.Debug|Any CPU.Build.0 = Debug|Any CPU
		{499EA68F-6D36-418D-824B-DB66A5526E7D}.Release|Any CPU.ActiveCfg = Release|Any CPU
		{499EA68F-6D36-418D-824B-DB66A5526E7D}.Release|Any CPU.Build.0 = Release|Any CPU
		{90C81161-A233-4A67-8526-D316BEFB785C}.Debug|Any CPU.ActiveCfg = Debug|Any CPU
		{90C81161-A233-4A67-8526-D316BEFB785C}.Debug|Any CPU.Build.0 = Debug|Any CPU
		{90C81161-A233-4A67-8526-D316BEFB785C}.Release|Any CPU.ActiveCfg = Release|Any CPU
		{90C81161-A233-4A67-8526-D316BEFB785C}.Release|Any CPU.Build.0 = Release|Any CPU
		{924A0B90-106F-4C04-80E6-B6702EC77504}.Debug|Any CPU.ActiveCfg = Debug|Any CPU
		{924A0B90-106F-4C04-80E6-B6702EC77504}.Debug|Any CPU.Build.0 = Debug|Any CPU
		{924A0B90-106F-4C04-80E6-B6702EC77504}.Release|Any CPU.ActiveCfg = Release|Any CPU
		{924A0B90-106F-4C04-80E6-B6702EC77504}.Release|Any CPU.Build.0 = Release|Any CPU
		{09A2298B-4628-45D3-B0A6-C849C2FA2FA5}.Debug|Any CPU.ActiveCfg = Debug|Any CPU
		{09A2298B-4628-45D3-B0A6-C849C2FA2FA5}.Debug|Any CPU.Build.0 = Debug|Any CPU
		{09A2298B-4628-45D3-B0A6-C849C2FA2FA5}.Release|Any CPU.ActiveCfg = Release|Any CPU
		{09A2298B-4628-45D3-B0A6-C849C2FA2FA5}.Release|Any CPU.Build.0 = Release|Any CPU
		{1768DADA-4634-4BEF-9C19-9ABCC27B2309}.Debug|Any CPU.ActiveCfg = Debug|Any CPU
		{1768DADA-4634-4BEF-9C19-9ABCC27B2309}.Debug|Any CPU.Build.0 = Debug|Any CPU
		{1768DADA-4634-4BEF-9C19-9ABCC27B2309}.Release|Any CPU.ActiveCfg = Release|Any CPU
		{1768DADA-4634-4BEF-9C19-9ABCC27B2309}.Release|Any CPU.Build.0 = Release|Any CPU
		{D0BCD797-99F2-43DF-845C-8D3867212F1D}.Debug|Any CPU.ActiveCfg = Debug|Any CPU
		{D0BCD797-99F2-43DF-845C-8D3867212F1D}.Debug|Any CPU.Build.0 = Debug|Any CPU
		{D0BCD797-99F2-43DF-845C-8D3867212F1D}.Release|Any CPU.ActiveCfg = Release|Any CPU
		{D0BCD797-99F2-43DF-845C-8D3867212F1D}.Release|Any CPU.Build.0 = Release|Any CPU
		{AB395B0F-4BAB-4716-BD65-D19A0C25D295}.Debug|Any CPU.ActiveCfg = Debug|Any CPU
		{AB395B0F-4BAB-4716-BD65-D19A0C25D295}.Debug|Any CPU.Build.0 = Debug|Any CPU
		{AB395B0F-4BAB-4716-BD65-D19A0C25D295}.Release|Any CPU.ActiveCfg = Release|Any CPU
		{AB395B0F-4BAB-4716-BD65-D19A0C25D295}.Release|Any CPU.Build.0 = Release|Any CPU
		{A5D4FA2F-5B57-453D-84D6-45C3B38B209A}.Debug|Any CPU.ActiveCfg = Debug|Any CPU
		{A5D4FA2F-5B57-453D-84D6-45C3B38B209A}.Debug|Any CPU.Build.0 = Debug|Any CPU
		{A5D4FA2F-5B57-453D-84D6-45C3B38B209A}.Release|Any CPU.ActiveCfg = Release|Any CPU
		{A5D4FA2F-5B57-453D-84D6-45C3B38B209A}.Release|Any CPU.Build.0 = Release|Any CPU
		{688632B9-0DAE-4E46-86BA-4E6394C67883}.Debug|Any CPU.ActiveCfg = Debug|Any CPU
		{688632B9-0DAE-4E46-86BA-4E6394C67883}.Debug|Any CPU.Build.0 = Debug|Any CPU
		{688632B9-0DAE-4E46-86BA-4E6394C67883}.Release|Any CPU.ActiveCfg = Release|Any CPU
		{688632B9-0DAE-4E46-86BA-4E6394C67883}.Release|Any CPU.Build.0 = Release|Any CPU
		{4FDAD6BD-40E7-4F2C-AFE6-0C46B30DC34A}.Debug|Any CPU.ActiveCfg = Debug|Any CPU
		{4FDAD6BD-40E7-4F2C-AFE6-0C46B30DC34A}.Debug|Any CPU.Build.0 = Debug|Any CPU
		{4FDAD6BD-40E7-4F2C-AFE6-0C46B30DC34A}.Release|Any CPU.ActiveCfg = Release|Any CPU
		{4FDAD6BD-40E7-4F2C-AFE6-0C46B30DC34A}.Release|Any CPU.Build.0 = Release|Any CPU
		{A9DB19F1-69F9-4327-9D73-10E52FA2C33A}.Debug|Any CPU.ActiveCfg = Debug|Any CPU
		{A9DB19F1-69F9-4327-9D73-10E52FA2C33A}.Debug|Any CPU.Build.0 = Debug|Any CPU
		{A9DB19F1-69F9-4327-9D73-10E52FA2C33A}.Release|Any CPU.ActiveCfg = Release|Any CPU
		{A9DB19F1-69F9-4327-9D73-10E52FA2C33A}.Release|Any CPU.Build.0 = Release|Any CPU
		{E25B5FEC-6401-414D-A7AB-99A8E0E97D80}.Debug|Any CPU.ActiveCfg = Debug|Any CPU
		{E25B5FEC-6401-414D-A7AB-99A8E0E97D80}.Debug|Any CPU.Build.0 = Debug|Any CPU
		{E25B5FEC-6401-414D-A7AB-99A8E0E97D80}.Release|Any CPU.ActiveCfg = Release|Any CPU
		{E25B5FEC-6401-414D-A7AB-99A8E0E97D80}.Release|Any CPU.Build.0 = Release|Any CPU
		{1D5BC450-E621-45F7-BA84-95DD7C78CAC0}.Debug|Any CPU.ActiveCfg = Debug|Any CPU
		{1D5BC450-E621-45F7-BA84-95DD7C78CAC0}.Debug|Any CPU.Build.0 = Debug|Any CPU
		{1D5BC450-E621-45F7-BA84-95DD7C78CAC0}.Release|Any CPU.ActiveCfg = Release|Any CPU
		{1D5BC450-E621-45F7-BA84-95DD7C78CAC0}.Release|Any CPU.Build.0 = Release|Any CPU
		{9592ECE0-5E10-4456-81CF-51503BE66771}.Debug|Any CPU.ActiveCfg = Debug|Any CPU
		{9592ECE0-5E10-4456-81CF-51503BE66771}.Debug|Any CPU.Build.0 = Debug|Any CPU
		{9592ECE0-5E10-4456-81CF-51503BE66771}.Release|Any CPU.ActiveCfg = Release|Any CPU
		{9592ECE0-5E10-4456-81CF-51503BE66771}.Release|Any CPU.Build.0 = Release|Any CPU
		{A66A5E21-0150-4BDC-AA6C-E10EED5C7693}.Debug|Any CPU.ActiveCfg = Debug|Any CPU
		{A66A5E21-0150-4BDC-AA6C-E10EED5C7693}.Debug|Any CPU.Build.0 = Debug|Any CPU
		{A66A5E21-0150-4BDC-AA6C-E10EED5C7693}.Release|Any CPU.ActiveCfg = Release|Any CPU
		{A66A5E21-0150-4BDC-AA6C-E10EED5C7693}.Release|Any CPU.Build.0 = Release|Any CPU
		{521CC04C-144E-493E-B4A0-E572820C8355}.Debug|Any CPU.ActiveCfg = Debug|Any CPU
		{521CC04C-144E-493E-B4A0-E572820C8355}.Debug|Any CPU.Build.0 = Debug|Any CPU
		{521CC04C-144E-493E-B4A0-E572820C8355}.Release|Any CPU.ActiveCfg = Release|Any CPU
		{521CC04C-144E-493E-B4A0-E572820C8355}.Release|Any CPU.Build.0 = Release|Any CPU
		{4F259FB1-8C36-4B7A-B4C9-E4463D87E536}.Debug|Any CPU.ActiveCfg = Debug|Any CPU
		{4F259FB1-8C36-4B7A-B4C9-E4463D87E536}.Debug|Any CPU.Build.0 = Debug|Any CPU
		{4F259FB1-8C36-4B7A-B4C9-E4463D87E536}.Release|Any CPU.ActiveCfg = Release|Any CPU
		{4F259FB1-8C36-4B7A-B4C9-E4463D87E536}.Release|Any CPU.Build.0 = Release|Any CPU
	EndGlobalSection
	GlobalSection(SolutionProperties) = preSolution
		HideSolutionNode = FALSE
	EndGlobalSection
	GlobalSection(ExtensibilityGlobals) = postSolution
		SolutionGuid = {02F0398D-14C7-471B-9B88-BF026334EA43}
	EndGlobalSection
EndGlobal
