
Microsoft Visual Studio Solution File, Format Version 12.00
# Visual Studio Version 16
VisualStudioVersion = 16.0.810.21
MinimumVisualStudioVersion = 10.0.40219.1
Project("{FAE04EC0-301F-11D3-BF4B-00C04F79EFBC}") = "CCL_ARRAY_ASSIGNMENT_0NE", "CCL_ARRAY_ASSIGNMENT_0NE\CCL_ARRAY_ASSIGNMENT_0NE.csproj", "{E2B4BFB4-C6FE-46C7-B885-9AABB9E82352}"
EndProject
Project("{FAE04EC0-301F-11D3-BF4B-00C04F79EFBC}") = "QUESTION_2", "QUESTION\QUESTION_2.csproj", "{F353FD93-48DD-4F8F-85AF-C7DE6E97ADBC}"
EndProject
Project("{FAE04EC0-301F-11D3-BF4B-00C04F79EFBC}") = "QUESTION_2B", "QUESTION_2B\QUESTION_2B.csproj", "{F96FB3B1-1457-43A7-BC22-2B7ADC5BF358}"
EndProject
Project("{FAE04EC0-301F-11D3-BF4B-00C04F79EFBC}") = "QUESTION_2C", "QUESTION_2C\QUESTION_2C.csproj", "{AB385BD6-E2DE-448E-B1EF-623DD1162B2E}"
EndProject
Project("{FAE04EC0-301F-11D3-BF4B-00C04F79EFBC}") = "QUESTION_2D", "QUESTION_2D\QUESTION_2D.csproj", "{6C3507DA-3893-4985-B1D6-B6419A80D76A}"
EndProject
Global
	GlobalSection(SolutionConfigurationPlatforms) = preSolution
		Debug|Any CPU = Debug|Any CPU
		Release|Any CPU = Release|Any CPU
	EndGlobalSection
	GlobalSection(ProjectConfigurationPlatforms) = postSolution
		{E2B4BFB4-C6FE-46C7-B885-9AABB9E82352}.Debug|Any CPU.ActiveCfg = Debug|Any CPU
		{E2B4BFB4-C6FE-46C7-B885-9AABB9E82352}.Debug|Any CPU.Build.0 = Debug|Any CPU
		{E2B4BFB4-C6FE-46C7-B885-9AABB9E82352}.Release|Any CPU.ActiveCfg = Release|Any CPU
		{E2B4BFB4-C6FE-46C7-B885-9AABB9E82352}.Release|Any CPU.Build.0 = Release|Any CPU
		{F353FD93-48DD-4F8F-85AF-C7DE6E97ADBC}.Debug|Any CPU.ActiveCfg = Debug|Any CPU
		{F353FD93-48DD-4F8F-85AF-C7DE6E97ADBC}.Debug|Any CPU.Build.0 = Debug|Any CPU
		{F353FD93-48DD-4F8F-85AF-C7DE6E97ADBC}.Release|Any CPU.ActiveCfg = Release|Any CPU
		{F353FD93-48DD-4F8F-85AF-C7DE6E97ADBC}.Release|Any CPU.Build.0 = Release|Any CPU
		{F96FB3B1-1457-43A7-BC22-2B7ADC5BF358}.Debug|Any CPU.ActiveCfg = Debug|Any CPU
		{F96FB3B1-1457-43A7-BC22-2B7ADC5BF358}.Debug|Any CPU.Build.0 = Debug|Any CPU
		{F96FB3B1-1457-43A7-BC22-2B7ADC5BF358}.Release|Any CPU.ActiveCfg = Release|Any CPU
		{F96FB3B1-1457-43A7-BC22-2B7ADC5BF358}.Release|Any CPU.Build.0 = Release|Any CPU
		{AB385BD6-E2DE-448E-B1EF-623DD1162B2E}.Debug|Any CPU.ActiveCfg = Debug|Any CPU
		{AB385BD6-E2DE-448E-B1EF-623DD1162B2E}.Debug|Any CPU.Build.0 = Debug|Any CPU
		{AB385BD6-E2DE-448E-B1EF-623DD1162B2E}.Release|Any CPU.ActiveCfg = Release|Any CPU
		{AB385BD6-E2DE-448E-B1EF-623DD1162B2E}.Release|Any CPU.Build.0 = Release|Any CPU
		{6C3507DA-3893-4985-B1D6-B6419A80D76A}.Debug|Any CPU.ActiveCfg = Debug|Any CPU
		{6C3507DA-3893-4985-B1D6-B6419A80D76A}.Debug|Any CPU.Build.0 = Debug|Any CPU
		{6C3507DA-3893-4985-B1D6-B6419A80D76A}.Release|Any CPU.ActiveCfg = Release|Any CPU
		{6C3507DA-3893-4985-B1D6-B6419A80D76A}.Release|Any CPU.Build.0 = Release|Any CPU
	EndGlobalSection
	GlobalSection(SolutionProperties) = preSolution
		HideSolutionNode = FALSE
	EndGlobalSection
	GlobalSection(ExtensibilityGlobals) = postSolution
		SolutionGuid = {60C0C081-8BE8-4A86-80DB-338B0E313484}
	EndGlobalSection
EndGlobal
